
Microsoft Visual Studio Solution File, Format Version 12.00
# Visual Studio 15
VisualStudioVersion = 15.0.27703.2000
MinimumVisualStudioVersion = 10.0.40219.1
Project("{FAE04EC0-301F-11D3-BF4B-00C04F79EFBC}") = "SQL_with_GUI", "SQL_with_GUI\SQL_with_GUI.csproj", "{4DCB3DCD-017A-40AF-8208-6D832885F984}"
EndProject
Global
	GlobalSection(SolutionConfigurationPlatforms) = preSolution
		Debug|Any CPU = Debug|Any CPU
		Release|Any CPU = Release|Any CPU
	EndGlobalSection
	GlobalSection(ProjectConfigurationPlatforms) = postSolution
		{4DCB3DCD-017A-40AF-8208-6D832885F984}.Debug|Any CPU.ActiveCfg = Debug|Any CPU
		{4DCB3DCD-017A-40AF-8208-6D832885F984}.Debug|Any CPU.Build.0 = Debug|Any CPU
		{4DCB3DCD-017A-40AF-8208-6D832885F984}.Release|Any CPU.ActiveCfg = Release|Any CPU
		{4DCB3DCD-017A-40AF-8208-6D832885F984}.Release|Any CPU.Build.0 = Release|Any CPU
	EndGlobalSection
	GlobalSection(SolutionProperties) = preSolution
		HideSolutionNode = FALSE
	EndGlobalSection
	GlobalSection(ExtensibilityGlobals) = postSolution
		SolutionGuid = {01771D82-925F-4127-8990-3B1A0373C1A6}
	EndGlobalSection
EndGlobal
